
Microsoft Visual Studio Solution File, Format Version 12.00
# Visual Studio Version 17
VisualStudioVersion = 17.11.35312.102
MinimumVisualStudioVersion = 10.0.40219.1
Project("{FAE04EC0-301F-11D3-BF4B-00C04F79EFBC}") = "fileorai", "fileorai\fileorai.csproj", "{ACAB583F-5CD4-4107-A394-7F570FC7ACF7}"
EndProject
Global
	GlobalSection(SolutionConfigurationPlatforms) = preSolution
		Debug|Any CPU = Debug|Any CPU
		Release|Any CPU = Release|Any CPU
	EndGlobalSection
	GlobalSection(ProjectConfigurationPlatforms) = postSolution
		{ACAB583F-5CD4-4107-A394-7F570FC7ACF7}.Debug|Any CPU.ActiveCfg = Debug|Any CPU
		{ACAB583F-5CD4-4107-A394-7F570FC7ACF7}.Debug|Any CPU.Build.0 = Debug|Any CPU
		{ACAB583F-5CD4-4107-A394-7F570FC7ACF7}.Release|Any CPU.ActiveCfg = Release|Any CPU
		{ACAB583F-5CD4-4107-A394-7F570FC7ACF7}.Release|Any CPU.Build.0 = Release|Any CPU
	EndGlobalSection
	GlobalSection(SolutionProperties) = preSolution
		HideSolutionNode = FALSE
	EndGlobalSection
	GlobalSection(ExtensibilityGlobals) = postSolution
		SolutionGuid = {66274A44-E682-408B-912C-50DA2774755B}
	EndGlobalSection
EndGlobal
